// !$*UTF8*$!
{
	archiveVersion = 1;
	classes = {
	};
	objectVersion = 55;
	objects = {

/* Begin PBXBuildFile section */
		3F4346B5282F95D200ABFB23 /* AppDelegate.swift in Sources */ = {isa = PBXBuildFile; fileRef = 3F4346B4282F95D200ABFB23 /* AppDelegate.swift */; };
		3F4346B7282F95D200ABFB23 /* SceneDelegate.swift in Sources */ = {isa = PBXBuildFile; fileRef = 3F4346B6282F95D200ABFB23 /* SceneDelegate.swift */; };
		3F4346B9282F95D200ABFB23 /* ViewController.swift in Sources */ = {isa = PBXBuildFile; fileRef = 3F4346B8282F95D200ABFB23 /* ViewController.swift */; };
		3F4346BC282F95D200ABFB23 /* Main.storyboard in Resources */ = {isa = PBXBuildFile; fileRef = 3F4346BA282F95D200ABFB23 /* Main.storyboard */; };
		3F4346BE282F95D300ABFB23 /* Assets.xcassets in Resources */ = {isa = PBXBuildFile; fileRef = 3F4346BD282F95D300ABFB23 /* Assets.xcassets */; };
		3F4346C1282F95D300ABFB23 /* LaunchScreen.storyboard in Resources */ = {isa = PBXBuildFile; fileRef = 3F4346BF282F95D300ABFB23 /* LaunchScreen.storyboard */; };
		3F4346CA282F967900ABFB23 /* Alamofire in Frameworks */ = {isa = PBXBuildFile; productRef = 3F4346C9282F967900ABFB23 /* Alamofire */; };
		3F4346CD282F96AC00ABFB23 /* SwiftyJSON in Frameworks */ = {isa = PBXBuildFile; productRef = 3F4346CC282F96AC00ABFB23 /* SwiftyJSON */; };
		3F4346CF282F9AA000ABFB23 /* University.swift in Sources */ = {isa = PBXBuildFile; fileRef = 3F4346CE282F9AA000ABFB23 /* University.swift */; };
		3F4346D8282FA20A00ABFB23 /* UniViewCell.swift in Sources */ = {isa = PBXBuildFile; fileRef = 3F4346D7282FA20A00ABFB23 /* UniViewCell.swift */; };
/* End PBXBuildFile section */

/* Begin PBXFileReference section */
		3F4346B1282F95D200ABFB23 /* lv3_Vorgic.app */ = {isa = PBXFileReference; explicitFileType = wrapper.application; includeInIndex = 0; path = lv3_Vorgic.app; sourceTree = BUILT_PRODUCTS_DIR; };
		3F4346B4282F95D200ABFB23 /* AppDelegate.swift */ = {isa = PBXFileReference; lastKnownFileType = sourcecode.swift; path = AppDelegate.swift; sourceTree = "<group>"; };
		3F4346B6282F95D200ABFB23 /* SceneDelegate.swift */ = {isa = PBXFileReference; lastKnownFileType = sourcecode.swift; path = SceneDelegate.swift; sourceTree = "<group>"; };
		3F4346B8282F95D200ABFB23 /* ViewController.swift */ = {isa = PBXFileReference; lastKnownFileType = sourcecode.swift; path = ViewController.swift; sourceTree = "<group>"; };
		3F4346BB282F95D200ABFB23 /* Base */ = {isa = PBXFileReference; lastKnownFileType = file.storyboard; name = Base; path = Base.lproj/Main.storyboard; sourceTree = "<group>"; };
		3F4346BD282F95D300ABFB23 /* Assets.xcassets */ = {isa = PBXFileReference; lastKnownFileType = folder.assetcatalog; path = Assets.xcassets; sourceTree = "<group>"; };
		3F4346C0282F95D300ABFB23 /* Base */ = {isa = PBXFileReference; lastKnownFileType = file.storyboard; name = Base; path = Base.lproj/LaunchScreen.storyboard; sourceTree = "<group>"; };
		3F4346C2282F95D300ABFB23 /* Info.plist */ = {isa = PBXFileReference; lastKnownFileType = text.plist.xml; path = Info.plist; sourceTree = "<group>"; };
		3F4346CE282F9AA000ABFB23 /* University.swift */ = {isa = PBXFileReference; lastKnownFileType = sourcecode.swift; path = University.swift; sourceTree = "<group>"; };
		3F4346D7282FA20A00ABFB23 /* UniViewCell.swift */ = {isa = PBXFileReference; lastKnownFileType = sourcecode.swift; path = UniViewCell.swift; sourceTree = "<group>"; };
/* End PBXFileReference section */

/* Begin PBXFrameworksBuildPhase section */
		3F4346AE282F95D200ABFB23 /* Frameworks */ = {
			isa = PBXFrameworksBuildPhase;
			buildActionMask = 2147483647;
			files = (
				3F4346CD282F96AC00ABFB23 /* SwiftyJSON in Frameworks */,
				3F4346CA282F967900ABFB23 /* Alamofire in Frameworks */,
			);
			runOnlyForDeploymentPostprocessing = 0;
		};
/* End PBXFrameworksBuildPhase section */

/* Begin PBXGroup section */
		3F4346A8282F95D200ABFB23 = {
			isa = PBXGroup;
			children = (
				3F4346B3282F95D200ABFB23 /* lv3_Vorgic */,
				3F4346B2282F95D200ABFB23 /* Products */,
			);
			sourceTree = "<group>";
		};
		3F4346B2282F95D200ABFB23 /* Products */ = {
			isa = PBXGroup;
			children = (
				3F4346B1282F95D200ABFB23 /* lv3_Vorgic.app */,
			);
			name = Products;
			sourceTree = "<group>";
		};
		3F4346B3282F95D200ABFB23 /* lv3_Vorgic */ = {
			isa = PBXGroup;
			children = (
				3F4346B4282F95D200ABFB23 /* AppDelegate.swift */,
				3F4346B6282F95D200ABFB23 /* SceneDelegate.swift */,
				3F4346B8282F95D200ABFB23 /* ViewController.swift */,
				3F4346BA282F95D200ABFB23 /* Main.storyboard */,
				3F4346BD282F95D300ABFB23 /* Assets.xcassets */,
				3F4346BF282F95D300ABFB23 /* LaunchScreen.storyboard */,
				3F4346C2282F95D300ABFB23 /* Info.plist */,
				3F4346CE282F9AA000ABFB23 /* University.swift */,
				3F4346D7282FA20A00ABFB23 /* UniViewCell.swift */,
			);
			path = lv3_Vorgic;
			sourceTree = "<group>";
		};
/* End PBXGroup section */

/* Begin PBXNativeTarget section */
		3F4346B0282F95D200ABFB23 /* lv3_Vorgic */ = {
			isa = PBXNativeTarget;
			buildConfigurationList = 3F4346C5282F95D300ABFB23 /* Build configuration list for PBXNativeTarget "lv3_Vorgic" */;
			buildPhases = (
				3F4346AD282F95D200ABFB23 /* Sources */,
				3F4346AE282F95D200ABFB23 /* Frameworks */,
				3F4346AF282F95D200ABFB23 /* Resources */,
			);
			buildRules = (
			);
			dependencies = (
			);
			name = lv3_Vorgic;
			packageProductDependencies = (
				3F4346C9282F967900ABFB23 /* Alamofire */,
				3F4346CC282F96AC00ABFB23 /* SwiftyJSON */,
			);
			productName = lv3_Vorgic;
			productReference = 3F4346B1282F95D200ABFB23 /* lv3_Vorgic.app */;
			productType = "com.apple.product-type.application";
		};
/* End PBXNativeTarget section */

/* Begin PBXProject section */
		3F4346A9282F95D200ABFB23 /* Project object */ = {
			isa = PBXProject;
			attributes = {
				BuildIndependentTargetsInParallel = 1;
				KnownAssetTags = (
					cell,
				);
				LastSwiftUpdateCheck = 1320;
				LastUpgradeCheck = 1320;
				TargetAttributes = {
					3F4346B0282F95D200ABFB23 = {
						CreatedOnToolsVersion = 13.2.1;
					};
				};
			};
			buildConfigurationList = 3F4346AC282F95D200ABFB23 /* Build configuration list for PBXProject "lv3_Vorgic" */;
			compatibilityVersion = "Xcode 13.0";
			developmentRegion = en;
			hasScannedForEncodings = 0;
			knownRegions = (
				en,
				Base,
			);
			mainGroup = 3F4346A8282F95D200ABFB23;
			packageReferences = (
				3F4346C8282F967900ABFB23 /* XCRemoteSwiftPackageReference "Alamofire" */,
				3F4346CB282F96AC00ABFB23 /* XCRemoteSwiftPackageReference "SwiftyJSON" */,
			);
			productRefGroup = 3F4346B2282F95D200ABFB23 /* Products */;
			projectDirPath = "";
			projectRoot = "";
			targets = (
				3F4346B0282F95D200ABFB23 /* lv3_Vorgic */,
			);
		};
/* End PBXProject section */

/* Begin PBXResourcesBuildPhase section */
		3F4346AF282F95D200ABFB23 /* Resources */ = {
			isa = PBXResourcesBuildPhase;
			buildActionMask = 2147483647;
			files = (
				3F4346C1282F95D300ABFB23 /* LaunchScreen.storyboard in Resources */,
				3F4346BE282F95D300ABFB23 /* Assets.xcassets in Resources */,
				3F4346BC282F95D200ABFB23 /* Main.storyboard in Resources */,
			);
			runOnlyForDeploymentPostprocessing = 0;
		};
/* End PBXResourcesBuildPhase section */

/* Begin PBXSourcesBuildPhase section */
		3F4346AD282F95D200ABFB23 /* Sources */ = {
			isa = PBXSourcesBuildPhase;
			buildActionMask = 2147483647;
			files = (
				3F4346B9282F95D200ABFB23 /* ViewController.swift in Sources */,
				3F4346D8282FA20A00ABFB23 /* UniViewCell.swift in Sources */,
				3F4346CF282F9AA000ABFB23 /* University.swift in Sources */,
				3F4346B5282F95D200ABFB23 /* AppDelegate.swift in Sources */,
				3F4346B7282F95D200ABFB23 /* SceneDelegate.swift in Sources */,
			);
			runOnlyForDeploymentPostprocessing = 0;
		};
/* End PBXSourcesBuildPhase section */

/* Begin PBXVariantGroup section */
		3F4346BA282F95D200ABFB23 /* Main.storyboard */ = {
			isa = PBXVariantGroup;
			children = (
				3F4346BB282F95D200ABFB23 /* Base */,
			);
			name = Main.storyboard;
			sourceTree = "<group>";
		};
		3F4346BF282F95D300ABFB23 /* LaunchScreen.storyboard */ = {
			isa = PBXVariantGroup;
			children = (
				3F4346C0282F95D300ABFB23 /* Base */,
			);
			name = LaunchScreen.storyboard;
			sourceTree = "<group>";
		};
/* End PBXVariantGroup section */

/* Begin XCBuildConfiguration section */
		3F4346C3282F95D300ABFB23 /* Debug */ = {
			isa = XCBuildConfiguration;
			buildSettings = {
				ALWAYS_SEARCH_USER_PATHS = NO;
				CLANG_ANALYZER_NONNULL = YES;
				CLANG_ANALYZER_NUMBER_OBJECT_CONVERSION = YES_AGGRESSIVE;
				CLANG_CXX_LANGUAGE_STANDARD = "gnu++17";
				CLANG_CXX_LIBRARY = "libc++";
				CLANG_ENABLE_MODULES = YES;
				CLANG_ENABLE_OBJC_ARC = YES;
				CLANG_ENABLE_OBJC_WEAK = YES;
				CLANG_WARN_BLOCK_CAPTURE_AUTORELEASING = YES;
				CLANG_WARN_BOOL_CONVERSION = YES;
				CLANG_WARN_COMMA = YES;
				CLANG_WARN_CONSTANT_CONVERSION = YES;
				CLANG_WARN_DEPRECATED_OBJC_IMPLEMENTATIONS = YES;
				CLANG_WARN_DIRECT_OBJC_ISA_USAGE = YES_ERROR;
				CLANG_WARN_DOCUMENTATION_COMMENTS = YES;
				CLANG_WARN_EMPTY_BODY = YES;
				CLANG_WARN_ENUM_CONVERSION = YES;
				CLANG_WARN_INFINITE_RECURSION = YES;
				CLANG_WARN_INT_CONVERSION = YES;
				CLANG_WARN_NON_LITERAL_NULL_CONVERSION = YES;
				CLANG_WARN_OBJC_IMPLICIT_RETAIN_SELF = YES;
				CLANG_WARN_OBJC_LITERAL_CONVERSION = YES;
				CLANG_WARN_OBJC_ROOT_CLASS = YES_ERROR;
				CLANG_WARN_QUOTED_INCLUDE_IN_FRAMEWORK_HEADER = YES;
				CLANG_WARN_RANGE_LOOP_ANALYSIS = YES;
				CLANG_WARN_STRICT_PROTOTYPES = YES;
				CLANG_WARN_SUSPICIOUS_MOVE = YES;
				CLANG_WARN_UNGUARDED_AVAILABILITY = YES_AGGRESSIVE;
				CLANG_WARN_UNREACHABLE_CODE = YES;
				CLANG_WARN__DUPLICATE_METHOD_MATCH = YES;
				COPY_PHASE_STRIP = NO;
				DEBUG_INFORMATION_FORMAT = dwarf;
				ENABLE_STRICT_OBJC_MSGSEND = YES;
				ENABLE_TESTABILITY = YES;
				GCC_C_LANGUAGE_STANDARD = gnu11;
				GCC_DYNAMIC_NO_PIC = NO;
				GCC_NO_COMMON_BLOCKS = YES;
				GCC_OPTIMIZATION_LEVEL = 0;
				GCC_PREPROCESSOR_DEFINITIONS = (
					"DEBUG=1",
					"$(inherited)",
				);
				GCC_WARN_64_TO_32_BIT_CONVERSION = YES;
				GCC_WARN_ABOUT_RETURN_TYPE = YES_ERROR;
				GCC_WARN_UNDECLARED_SELECTOR = YES;
				GCC_WARN_UNINITIALIZED_AUTOS = YES_AGGRESSIVE;
				GCC_WARN_UNUSED_FUNCTION = YES;
				GCC_WARN_UNUSED_VARIABLE = YES;
				IPHONEOS_DEPLOYMENT_TARGET = 15.2;
				MTL_ENABLE_DEBUG_INFO = INCLUDE_SOURCE;
				MTL_FAST_MATH = YES;
				ONLY_ACTIVE_ARCH = YES;
				SDKROOT = iphoneos;
				SWIFT_ACTIVE_COMPILATION_CONDITIONS = DEBUG;
				SWIFT_OPTIMIZATION_LEVEL = "-Onone";
			};
			name = Debug;
		};
		3F4346C4282F95D300ABFB23 /* Release */ = {
			isa = XCBuildConfiguration;
			buildSettings = {
				ALWAYS_SEARCH_USER_PATHS = NO;
				CLANG_ANALYZER_NONNULL = YES;
				CLANG_ANALYZER_NUMBER_OBJECT_CONVERSION = YES_AGGRESSIVE;
				CLANG_CXX_LANGUAGE_STANDARD = "gnu++17";
				CLANG_CXX_LIBRARY = "libc++";
				CLANG_ENABLE_MODULES = YES;
				CLANG_ENABLE_OBJC_ARC = YES;
				CLANG_ENABLE_OBJC_WEAK = YES;
				CLANG_WARN_BLOCK_CAPTURE_AUTORELEASING = YES;
				CLANG_WARN_BOOL_CONVERSION = YES;
				CLANG_WARN_COMMA = YES;
				CLANG_WARN_CONSTANT_CONVERSION = YES;
				CLANG_WARN_DEPRECATED_OBJC_IMPLEMENTATIONS = YES;
				CLANG_WARN_DIRECT_OBJC_ISA_USAGE = YES_ERROR;
				CLANG_WARN_DOCUMENTATION_COMMENTS = YES;
				CLANG_WARN_EMPTY_BODY = YES;
				CLANG_WARN_ENUM_CONVERSION = YES;
				CLANG_WARN_INFINITE_RECURSION = YES;
				CLANG_WARN_INT_CONVERSION = YES;
				CLANG_WARN_NON_LITERAL_NULL_CONVERSION = YES;
				CLANG_WARN_OBJC_IMPLICIT_RETAIN_SELF = YES;
				CLANG_WARN_OBJC_LITERAL_CONVERSION = YES;
				CLANG_WARN_OBJC_ROOT_CLASS = YES_ERROR;
				CLANG_WARN_QUOTED_INCLUDE_IN_FRAMEWORK_HEADER = YES;
				CLANG_WARN_RANGE_LOOP_ANALYSIS = YES;
				CLANG_WARN_STRICT_PROTOTYPES = YES;
				CLANG_WARN_SUSPICIOUS_MOVE = YES;
				CLANG_WARN_UNGUARDED_AVAILABILITY = YES_AGGRESSIVE;
				CLANG_WARN_UNREACHABLE_CODE = YES;
				CLANG_WARN__DUPLICATE_METHOD_MATCH = YES;
				COPY_PHASE_STRIP = NO;
				DEBUG_INFORMATION_FORMAT = "dwarf-with-dsym";
				ENABLE_NS_ASSERTIONS = NO;
				ENABLE_STRICT_OBJC_MSGSEND = YES;
				GCC_C_LANGUAGE_STANDARD = gnu11;
				GCC_NO_COMMON_BLOCKS = YES;
				GCC_WARN_64_TO_32_BIT_CONVERSION = YES;
				GCC_WARN_ABOUT_RETURN_TYPE = YES_ERROR;
				GCC_WARN_UNDECLARED_SELECTOR = YES;
				GCC_WARN_UNINITIALIZED_AUTOS = YES_AGGRESSIVE;
				GCC_WARN_UNUSED_FUNCTION = YES;
				GCC_WARN_UNUSED_VARIABLE = YES;
				IPHONEOS_DEPLOYMENT_TARGET = 15.2;
				MTL_ENABLE_DEBUG_INFO = NO;
				MTL_FAST_MATH = YES;
				SDKROOT = iphoneos;
				SWIFT_COMPILATION_MODE = wholemodule;
				SWIFT_OPTIMIZATION_LEVEL = "-O";
				VALIDATE_PRODUCT = YES;
			};
			name = Release;
		};
		3F4346C6282F95D300ABFB23 /* Debug */ = {
			isa = XCBuildConfiguration;
			buildSettings = {
				ASSETCATALOG_COMPILER_APPICON_NAME = AppIcon;
				ASSETCATALOG_COMPILER_GLOBAL_ACCENT_COLOR_NAME = AccentColor;
				CODE_SIGN_STYLE = Automatic;
				CURRENT_PROJECT_VERSION = 1;
				GENERATE_INFOPLIST_FILE = YES;
				INFOPLIST_FILE = lv3_Vorgic/Info.plist;
				INFOPLIST_KEY_UIApplicationSupportsIndirectInputEvents = YES;
				INFOPLIST_KEY_UILaunchStoryboardName = LaunchScreen;
				INFOPLIST_KEY_UIMainStoryboardFile = Main;
				INFOPLIST_KEY_UISupportedInterfaceOrientations_iPad = "UIInterfaceOrientationPortrait UIInterfaceOrientationPortraitUpsideDown UIInterfaceOrientationLandscapeLeft UIInterfaceOrientationLandscapeRight";
				INFOPLIST_KEY_UISupportedInterfaceOrientations_iPhone = "UIInterfaceOrientationPortrait UIInterfaceOrientationLandscapeLeft UIInterfaceOrientationLandscapeRight";
				LD_RUNPATH_SEARCH_PATHS = (
					"$(inherited)",
					"@executable_path/Frameworks",
				);
				MARKETING_VERSION = 1.0;
				PRODUCT_BUNDLE_IDENTIFIER = "hr.ferit.lv3-Vorgic";
				PRODUCT_NAME = "$(TARGET_NAME)";
				SWIFT_EMIT_LOC_STRINGS = YES;
				SWIFT_VERSION = 5.0;
				TARGETED_DEVICE_FAMILY = "1,2";
			};
			name = Debug;
		};
		3F4346C7282F95D300ABFB23 /* Release */ = {
			isa = XCBuildConfiguration;
			buildSettings = {
				ASSETCATALOG_COMPILER_APPICON_NAME = AppIcon;
				ASSETCATALOG_COMPILER_GLOBAL_ACCENT_COLOR_NAME = AccentColor;
				CODE_SIGN_STYLE = Automatic;
				CURRENT_PROJECT_VERSION = 1;
				GENERATE_INFOPLIST_FILE = YES;
				INFOPLIST_FILE = lv3_Vorgic/Info.plist;
				INFOPLIST_KEY_UIApplicationSupportsIndirectInputEvents = YES;
				INFOPLIST_KEY_UILaunchStoryboardName = LaunchScreen;
				INFOPLIST_KEY_UIMainStoryboardFile = Main;
				INFOPLIST_KEY_UISupportedInterfaceOrientations_iPad = "UIInterfaceOrientationPortrait UIInterfaceOrientationPortraitUpsideDown UIInterfaceOrientationLandscapeLeft UIInterfaceOrientationLandscapeRight";
				INFOPLIST_KEY_UISupportedInterfaceOrientations_iPhone = "UIInterfaceOrientationPortrait UIInterfaceOrientationLandscapeLeft UIInterfaceOrientationLandscapeRight";
				LD_RUNPATH_SEARCH_PATHS = (
					"$(inherited)",
					"@executable_path/Frameworks",
				);
				MARKETING_VERSION = 1.0;
				PRODUCT_BUNDLE_IDENTIFIER = "hr.ferit.lv3-Vorgic";
				PRODUCT_NAME = "$(TARGET_NAME)";
				SWIFT_EMIT_LOC_STRINGS = YES;
				SWIFT_VERSION = 5.0;
				TARGETED_DEVICE_FAMILY = "1,2";
			};
			name = Release;
		};
/* End XCBuildConfiguration section */

/* Begin XCConfigurationList section */
		3F4346AC282F95D200ABFB23 /* Build configuration list for PBXProject "lv3_Vorgic" */ = {
			isa = XCConfigurationList;
			buildConfigurations = (
				3F4346C3282F95D300ABFB23 /* Debug */,
				3F4346C4282F95D300ABFB23 /* Release */,
			);
			defaultConfigurationIsVisible = 0;
			defaultConfigurationName = Release;
		};
		3F4346C5282F95D300ABFB23 /* Build configuration list for PBXNativeTarget "lv3_Vorgic" */ = {
			isa = XCConfigurationList;
			buildConfigurations = (
				3F4346C6282F95D300ABFB23 /* Debug */,
				3F4346C7282F95D300ABFB23 /* Release */,
			);
			defaultConfigurationIsVisible = 0;
			defaultConfigurationName = Release;
		};
/* End XCConfigurationList section */

/* Begin XCRemoteSwiftPackageReference section */
		3F4346C8282F967900ABFB23 /* XCRemoteSwiftPackageReference "Alamofire" */ = {
			isa = XCRemoteSwiftPackageReference;
			repositoryURL = "https://github.com/Alamofire/Alamofire.git";
			requirement = {
				branch = master;
				kind = branch;
			};
		};
		3F4346CB282F96AC00ABFB23 /* XCRemoteSwiftPackageReference "SwiftyJSON" */ = {
			isa = XCRemoteSwiftPackageReference;
			repositoryURL = "https://github.com/SwiftyJSON/SwiftyJSON.git";
			requirement = {
				branch = master;
				kind = branch;
			};
		};
/* End XCRemoteSwiftPackageReference section */

/* Begin XCSwiftPackageProductDependency section */
		3F4346C9282F967900ABFB23 /* Alamofire */ = {
			isa = XCSwiftPackageProductDependency;
			package = 3F4346C8282F967900ABFB23 /* XCRemoteSwiftPackageReference "Alamofire" */;
			productName = Alamofire;
		};
		3F4346CC282F96AC00ABFB23 /* SwiftyJSON */ = {
			isa = XCSwiftPackageProductDependency;
			package = 3F4346CB282F96AC00ABFB23 /* XCRemoteSwiftPackageReference "SwiftyJSON" */;
			productName = SwiftyJSON;
		};
/* End XCSwiftPackageProductDependency section */
	};
	rootObject = 3F4346A9282F95D200ABFB23 /* Project object */;
}
